
Microsoft Visual Studio Solution File, Format Version 12.00
# Visual Studio Version 17
VisualStudioVersion = 17.0.31903.59
MinimumVisualStudioVersion = 10.0.40219.1
Project("{FAE04EC0-301F-11D3-BF4B-00C04F79EFBC}") = "NewsArticles.Hosts.Api", "src\NewsArticles\Hosts\NewsArticles.Hosts.Api\NewsArticles.Hosts.Api.csproj", "{58E64DDA-80AC-44E2-8ED3-BD7D0DEC5481}"
EndProject
Project("{2150E333-8FDC-42A3-9474-1A3956D46DE8}") = "src", "src", "{780EA141-F073-4E7B-8863-2025DA606043}"
EndProject
Project("{2150E333-8FDC-42A3-9474-1A3956D46DE8}") = "NewsArticles", "NewsArticles", "{09A011FC-1A7E-471B-9150-87BF9A6948BB}"
EndProject
Project("{2150E333-8FDC-42A3-9474-1A3956D46DE8}") = "Hosts", "Hosts", "{11B644FD-9CB1-4A80-8E46-89DEBAF10D58}"
EndProject
Project("{2150E333-8FDC-42A3-9474-1A3956D46DE8}") = "Contracts", "Contracts", "{66C4B470-C912-4270-B7DF-C8BB0A73DB80}"
EndProject
Project("{2150E333-8FDC-42A3-9474-1A3956D46DE8}") = "Application", "Application", "{F693E101-7F01-42EF-AF16-4C9BBEA308DA}"
EndProject
Project("{2150E333-8FDC-42A3-9474-1A3956D46DE8}") = "Clients", "Clients", "{946C646D-CDD4-48A6-9D5D-ABF7EECB0920}"
EndProject
Project("{2150E333-8FDC-42A3-9474-1A3956D46DE8}") = "Infrastructure", "Infrastructure", "{FD299815-7630-41A6-A8D6-D9B03BB9B894}"
EndProject
Project("{2150E333-8FDC-42A3-9474-1A3956D46DE8}") = "Domain", "Domain", "{AC3BDCC7-949C-4156-BA19-223BA5D2EDB7}"
EndProject
Project("{FAE04EC0-301F-11D3-BF4B-00C04F79EFBC}") = "NewsArticles.Domain", "src\NewsArticles\Domain\NewsArticles.Domain\NewsArticles.Domain.csproj", "{C3F8152B-3E75-4B6D-A734-6BD20A2F1410}"
EndProject
Project("{FAE04EC0-301F-11D3-BF4B-00C04F79EFBC}") = "NewsArticles.Contracts", "src\NewsArticles\Contracts\NewsArticles.Contracts\NewsArticles.Contracts.csproj", "{E79D2FCE-E6E0-4C35-A0C2-2F9E37004D4E}"
EndProject
Project("{FAE04EC0-301F-11D3-BF4B-00C04F79EFBC}") = "NewsArticles.Clients", "src\NewsArticles\Clients\NewsArticles.Clients\NewsArticles.Clients.csproj", "{0B6D6522-555C-4F2E-B11B-CC51F5812F19}"
EndProject
Project("{FAE04EC0-301F-11D3-BF4B-00C04F79EFBC}") = "NewsArticles.Application.AppServices", "src\NewsArticles\Application\NewsArticles.Application.AppServices\NewsArticles.Application.AppServices.csproj", "{6F09E599-91D4-4BC7-A1D5-7D90EC562378}"
EndProject
Project("{FAE04EC0-301F-11D3-BF4B-00C04F79EFBC}") = "NewsArticles.Infrastructure.DataAccess", "src\NewsArticles\Infrastructure\NewsArticles.Infrastructure.DataAccess\NewsArticles.Infrastructure.DataAccess.csproj", "{4B08611D-736B-4965-957A-0E0C25F7B274}"
EndProject
Project("{FAE04EC0-301F-11D3-BF4B-00C04F79EFBC}") = "NewsArticles.Infrastructure", "src\NewsArticles\Infrastructure\NewsArticles.Infrastructure\NewsArticles.Infrastructure.csproj", "{FC574875-8ADF-42BB-9B59-92E590310B72}"
EndProject
Project("{FAE04EC0-301F-11D3-BF4B-00C04F79EFBC}") = "NewsArticles.Infrastructure.ComponentRegister", "src\NewsArticles\Infrastructure\NewsArticles.Infrastructure.ComponentRegister\NewsArticles.Infrastructure.ComponentRegister.csproj", "{A19474F5-A3CD-4D78-98B6-0A1EE7E6082B}"
EndProject
Global
	GlobalSection(SolutionConfigurationPlatforms) = preSolution
		Debug|Any CPU = Debug|Any CPU
		Release|Any CPU = Release|Any CPU
	EndGlobalSection
	GlobalSection(ProjectConfigurationPlatforms) = postSolution
		{58E64DDA-80AC-44E2-8ED3-BD7D0DEC5481}.Debug|Any CPU.ActiveCfg = Debug|Any CPU
		{58E64DDA-80AC-44E2-8ED3-BD7D0DEC5481}.Debug|Any CPU.Build.0 = Debug|Any CPU
		{58E64DDA-80AC-44E2-8ED3-BD7D0DEC5481}.Release|Any CPU.ActiveCfg = Release|Any CPU
		{58E64DDA-80AC-44E2-8ED3-BD7D0DEC5481}.Release|Any CPU.Build.0 = Release|Any CPU
		{C3F8152B-3E75-4B6D-A734-6BD20A2F1410}.Debug|Any CPU.ActiveCfg = Debug|Any CPU
		{C3F8152B-3E75-4B6D-A734-6BD20A2F1410}.Debug|Any CPU.Build.0 = Debug|Any CPU
		{C3F8152B-3E75-4B6D-A734-6BD20A2F1410}.Release|Any CPU.ActiveCfg = Release|Any CPU
		{C3F8152B-3E75-4B6D-A734-6BD20A2F1410}.Release|Any CPU.Build.0 = Release|Any CPU
		{E79D2FCE-E6E0-4C35-A0C2-2F9E37004D4E}.Debug|Any CPU.ActiveCfg = Debug|Any CPU
		{E79D2FCE-E6E0-4C35-A0C2-2F9E37004D4E}.Debug|Any CPU.Build.0 = Debug|Any CPU
		{E79D2FCE-E6E0-4C35-A0C2-2F9E37004D4E}.Release|Any CPU.ActiveCfg = Release|Any CPU
		{E79D2FCE-E6E0-4C35-A0C2-2F9E37004D4E}.Release|Any CPU.Build.0 = Release|Any CPU
		{0B6D6522-555C-4F2E-B11B-CC51F5812F19}.Debug|Any CPU.ActiveCfg = Debug|Any CPU
		{0B6D6522-555C-4F2E-B11B-CC51F5812F19}.Debug|Any CPU.Build.0 = Debug|Any CPU
		{0B6D6522-555C-4F2E-B11B-CC51F5812F19}.Release|Any CPU.ActiveCfg = Release|Any CPU
		{0B6D6522-555C-4F2E-B11B-CC51F5812F19}.Release|Any CPU.Build.0 = Release|Any CPU
		{6F09E599-91D4-4BC7-A1D5-7D90EC562378}.Debug|Any CPU.ActiveCfg = Debug|Any CPU
		{6F09E599-91D4-4BC7-A1D5-7D90EC562378}.Debug|Any CPU.Build.0 = Debug|Any CPU
		{6F09E599-91D4-4BC7-A1D5-7D90EC562378}.Release|Any CPU.ActiveCfg = Release|Any CPU
		{6F09E599-91D4-4BC7-A1D5-7D90EC562378}.Release|Any CPU.Build.0 = Release|Any CPU
		{4B08611D-736B-4965-957A-0E0C25F7B274}.Debug|Any CPU.ActiveCfg = Debug|Any CPU
		{4B08611D-736B-4965-957A-0E0C25F7B274}.Debug|Any CPU.Build.0 = Debug|Any CPU
		{4B08611D-736B-4965-957A-0E0C25F7B274}.Release|Any CPU.ActiveCfg = Release|Any CPU
		{4B08611D-736B-4965-957A-0E0C25F7B274}.Release|Any CPU.Build.0 = Release|Any CPU
		{FC574875-8ADF-42BB-9B59-92E590310B72}.Debug|Any CPU.ActiveCfg = Debug|Any CPU
		{FC574875-8ADF-42BB-9B59-92E590310B72}.Debug|Any CPU.Build.0 = Debug|Any CPU
		{FC574875-8ADF-42BB-9B59-92E590310B72}.Release|Any CPU.ActiveCfg = Release|Any CPU
		{FC574875-8ADF-42BB-9B59-92E590310B72}.Release|Any CPU.Build.0 = Release|Any CPU
		{A19474F5-A3CD-4D78-98B6-0A1EE7E6082B}.Debug|Any CPU.ActiveCfg = Debug|Any CPU
		{A19474F5-A3CD-4D78-98B6-0A1EE7E6082B}.Debug|Any CPU.Build.0 = Debug|Any CPU
		{A19474F5-A3CD-4D78-98B6-0A1EE7E6082B}.Release|Any CPU.ActiveCfg = Release|Any CPU
		{A19474F5-A3CD-4D78-98B6-0A1EE7E6082B}.Release|Any CPU.Build.0 = Release|Any CPU
	EndGlobalSection
	GlobalSection(SolutionProperties) = preSolution
		HideSolutionNode = FALSE
	EndGlobalSection
	GlobalSection(NestedProjects) = preSolution
		{58E64DDA-80AC-44E2-8ED3-BD7D0DEC5481} = {11B644FD-9CB1-4A80-8E46-89DEBAF10D58}
		{09A011FC-1A7E-471B-9150-87BF9A6948BB} = {780EA141-F073-4E7B-8863-2025DA606043}
		{11B644FD-9CB1-4A80-8E46-89DEBAF10D58} = {09A011FC-1A7E-471B-9150-87BF9A6948BB}
		{66C4B470-C912-4270-B7DF-C8BB0A73DB80} = {09A011FC-1A7E-471B-9150-87BF9A6948BB}
		{F693E101-7F01-42EF-AF16-4C9BBEA308DA} = {09A011FC-1A7E-471B-9150-87BF9A6948BB}
		{946C646D-CDD4-48A6-9D5D-ABF7EECB0920} = {09A011FC-1A7E-471B-9150-87BF9A6948BB}
		{FD299815-7630-41A6-A8D6-D9B03BB9B894} = {09A011FC-1A7E-471B-9150-87BF9A6948BB}
		{AC3BDCC7-949C-4156-BA19-223BA5D2EDB7} = {09A011FC-1A7E-471B-9150-87BF9A6948BB}
		{C3F8152B-3E75-4B6D-A734-6BD20A2F1410} = {AC3BDCC7-949C-4156-BA19-223BA5D2EDB7}
		{E79D2FCE-E6E0-4C35-A0C2-2F9E37004D4E} = {66C4B470-C912-4270-B7DF-C8BB0A73DB80}
		{0B6D6522-555C-4F2E-B11B-CC51F5812F19} = {946C646D-CDD4-48A6-9D5D-ABF7EECB0920}
		{6F09E599-91D4-4BC7-A1D5-7D90EC562378} = {F693E101-7F01-42EF-AF16-4C9BBEA308DA}
		{4B08611D-736B-4965-957A-0E0C25F7B274} = {FD299815-7630-41A6-A8D6-D9B03BB9B894}
		{FC574875-8ADF-42BB-9B59-92E590310B72} = {FD299815-7630-41A6-A8D6-D9B03BB9B894}
		{A19474F5-A3CD-4D78-98B6-0A1EE7E6082B} = {FD299815-7630-41A6-A8D6-D9B03BB9B894}
	EndGlobalSection
	GlobalSection(ExtensibilityGlobals) = postSolution
		SolutionGuid = {2E50A2C6-D91B-4713-B256-96607698180E}
	EndGlobalSection
EndGlobal
